
Microsoft Visual Studio Solution File, Format Version 12.00
# Visual Studio Version 16
VisualStudioVersion = 16.0.31624.102
MinimumVisualStudioVersion = 10.0.40219.1
Project("{8BC9CEB8-8B4A-11D0-8D11-00A0C91BC942}") = "1", "1\1.vcxproj", "{F87A9824-0F92-48C2-85EF-9BA4F9624E32}"
EndProject
Project("{8BC9CEB8-8B4A-11D0-8D11-00A0C91BC942}") = "List", "List\List.vcxproj", "{140EEA87-F408-4077-ADC7-C4FE63A00B04}"
EndProject
Project("{8BC9CEB8-8B4A-11D0-8D11-00A0C91BC942}") = "DoubleList", "DoubleList\DoubleList.vcxproj", "{B6190491-7D7A-4E79-8B96-7AF20628AB12}"
EndProject
Project("{8BC9CEB8-8B4A-11D0-8D11-00A0C91BC942}") = "Stack", "Stack\Stack.vcxproj", "{B9DFAFC5-A6F2-4B08-AC51-C7B4D886FBC1}"
EndProject
Project("{8BC9CEB8-8B4A-11D0-8D11-00A0C91BC942}") = "Queue", "Queue\Queue.vcxproj", "{7E2FBA92-3975-4758-9178-8980A272A802}"
EndProject
Project("{8BC9CEB8-8B4A-11D0-8D11-00A0C91BC942}") = "Tree", "Tree\Tree.vcxproj", "{5F1750BD-C570-4504-803B-8B5157F457A7}"
EndProject
Project("{8BC9CEB8-8B4A-11D0-8D11-00A0C91BC942}") = "HashTable", "HashTable\HashTable.vcxproj", "{93D8FC62-CDCA-497D-BB82-14801B8230BB}"
EndProject
Project("{8BC9CEB8-8B4A-11D0-8D11-00A0C91BC942}") = "СhainHashTable", "СhainHashTable\СhainHashTable.vcxproj", "{87C72554-F47A-4FCA-B113-3DF9C04F6C29}"
EndProject
Project("{8BC9CEB8-8B4A-11D0-8D11-00A0C91BC942}") = "RadixTree", "RadixTree\RadixTree.vcxproj", "{07732C0E-C2F4-4EBB-B0B8-AB76A75D0ACA}"
EndProject
Project("{8BC9CEB8-8B4A-11D0-8D11-00A0C91BC942}") = "Bohr_Aho_Korasik", "aho-korasik\aho-korasik.vcxproj", "{451708AB-5014-4DE7-A5FC-FD143498C31E}"
EndProject
Project("{8BC9CEB8-8B4A-11D0-8D11-00A0C91BC942}") = "GraphList", "GraphList\GraphList.vcxproj", "{4DDA0216-0A8D-41F6-8195-BC5C51292BB4}"
EndProject
Project("{8BC9CEB8-8B4A-11D0-8D11-00A0C91BC942}") = "4", "4\4.vcxproj", "{9AC18F6D-4B67-410B-911D-B4D912CA8A04}"
EndProject
Project("{8BC9CEB8-8B4A-11D0-8D11-00A0C91BC942}") = "searchBackWard", "searchBackWard\searchBackWard.vcxproj", "{800F8EA1-F06A-4BC7-9BF8-811F3B31E1FF}"
EndProject
Project("{8BC9CEB8-8B4A-11D0-8D11-00A0C91BC942}") = "divideSetOnTwoSets", "divideSetOnTwoSets\divideSetOnTwoSets.vcxproj", "{7865DF4B-74F0-4050-99A4-6C476D7DE88A}"
EndProject
Project("{8BC9CEB8-8B4A-11D0-8D11-00A0C91BC942}") = "rook", "rook\rook.vcxproj", "{4B906209-4E72-497B-B520-36777FA06E79}"
EndProject
Project("{8BC9CEB8-8B4A-11D0-8D11-00A0C91BC942}") = "graphs", "graphs\Graph.vcxproj", "{2A3ACF58-7F25-4813-85FC-E0D0B012717F}"
EndProject
Project("{8BC9CEB8-8B4A-11D0-8D11-00A0C91BC942}") = "Grapes", "Grapes\Grapes.vcxproj", "{6FA55602-5671-4406-997A-A0102654735C}"
EndProject
Project("{8BC9CEB8-8B4A-11D0-8D11-00A0C91BC942}") = "Sorting", "Sorting\Sorting.vcxproj", "{989F1066-2B23-444D-9446-DE2EAED56AE6}"
EndProject
Project("{8BC9CEB8-8B4A-11D0-8D11-00A0C91BC942}") = "Johnson-Trotter", "Johnson-Trotter\Johnson-Trotter.vcxproj", "{B8995F40-FB85-4C42-8266-91B36DA8ED3D}"
EndProject
Project("{8BC9CEB8-8B4A-11D0-8D11-00A0C91BC942}") = "LeetCode", "LeetCode\LeetCode.vcxproj", "{E317C241-7BD3-4D88-A281-0D0F9BD368DC}"
EndProject
Global
	GlobalSection(SolutionConfigurationPlatforms) = preSolution
		Debug|x64 = Debug|x64
		Debug|x86 = Debug|x86
		Release|x64 = Release|x64
		Release|x86 = Release|x86
	EndGlobalSection
	GlobalSection(ProjectConfigurationPlatforms) = postSolution
		{F87A9824-0F92-48C2-85EF-9BA4F9624E32}.Debug|x64.ActiveCfg = Debug|x64
		{F87A9824-0F92-48C2-85EF-9BA4F9624E32}.Debug|x64.Build.0 = Debug|x64
		{F87A9824-0F92-48C2-85EF-9BA4F9624E32}.Debug|x86.ActiveCfg = Debug|Win32
		{F87A9824-0F92-48C2-85EF-9BA4F9624E32}.Debug|x86.Build.0 = Debug|Win32
		{F87A9824-0F92-48C2-85EF-9BA4F9624E32}.Release|x64.ActiveCfg = Release|x64
		{F87A9824-0F92-48C2-85EF-9BA4F9624E32}.Release|x64.Build.0 = Release|x64
		{F87A9824-0F92-48C2-85EF-9BA4F9624E32}.Release|x86.ActiveCfg = Release|Win32
		{F87A9824-0F92-48C2-85EF-9BA4F9624E32}.Release|x86.Build.0 = Release|Win32
		{140EEA87-F408-4077-ADC7-C4FE63A00B04}.Debug|x64.ActiveCfg = Debug|x64
		{140EEA87-F408-4077-ADC7-C4FE63A00B04}.Debug|x64.Build.0 = Debug|x64
		{140EEA87-F408-4077-ADC7-C4FE63A00B04}.Debug|x86.ActiveCfg = Debug|Win32
		{140EEA87-F408-4077-ADC7-C4FE63A00B04}.Debug|x86.Build.0 = Debug|Win32
		{140EEA87-F408-4077-ADC7-C4FE63A00B04}.Release|x64.ActiveCfg = Release|x64
		{140EEA87-F408-4077-ADC7-C4FE63A00B04}.Release|x64.Build.0 = Release|x64
		{140EEA87-F408-4077-ADC7-C4FE63A00B04}.Release|x86.ActiveCfg = Release|Win32
		{140EEA87-F408-4077-ADC7-C4FE63A00B04}.Release|x86.Build.0 = Release|Win32
		{B6190491-7D7A-4E79-8B96-7AF20628AB12}.Debug|x64.ActiveCfg = Debug|x64
		{B6190491-7D7A-4E79-8B96-7AF20628AB12}.Debug|x64.Build.0 = Debug|x64
		{B6190491-7D7A-4E79-8B96-7AF20628AB12}.Debug|x86.ActiveCfg = Debug|Win32
		{B6190491-7D7A-4E79-8B96-7AF20628AB12}.Debug|x86.Build.0 = Debug|Win32
		{B6190491-7D7A-4E79-8B96-7AF20628AB12}.Release|x64.ActiveCfg = Release|x64
		{B6190491-7D7A-4E79-8B96-7AF20628AB12}.Release|x64.Build.0 = Release|x64
		{B6190491-7D7A-4E79-8B96-7AF20628AB12}.Release|x86.ActiveCfg = Release|Win32
		{B6190491-7D7A-4E79-8B96-7AF20628AB12}.Release|x86.Build.0 = Release|Win32
		{B9DFAFC5-A6F2-4B08-AC51-C7B4D886FBC1}.Debug|x64.ActiveCfg = Debug|x64
		{B9DFAFC5-A6F2-4B08-AC51-C7B4D886FBC1}.Debug|x64.Build.0 = Debug|x64
		{B9DFAFC5-A6F2-4B08-AC51-C7B4D886FBC1}.Debug|x86.ActiveCfg = Debug|Win32
		{B9DFAFC5-A6F2-4B08-AC51-C7B4D886FBC1}.Debug|x86.Build.0 = Debug|Win32
		{B9DFAFC5-A6F2-4B08-AC51-C7B4D886FBC1}.Release|x64.ActiveCfg = Release|x64
		{B9DFAFC5-A6F2-4B08-AC51-C7B4D886FBC1}.Release|x64.Build.0 = Release|x64
		{B9DFAFC5-A6F2-4B08-AC51-C7B4D886FBC1}.Release|x86.ActiveCfg = Release|Win32
		{B9DFAFC5-A6F2-4B08-AC51-C7B4D886FBC1}.Release|x86.Build.0 = Release|Win32
		{7E2FBA92-3975-4758-9178-8980A272A802}.Debug|x64.ActiveCfg = Debug|x64
		{7E2FBA92-3975-4758-9178-8980A272A802}.Debug|x64.Build.0 = Debug|x64
		{7E2FBA92-3975-4758-9178-8980A272A802}.Debug|x86.ActiveCfg = Debug|Win32
		{7E2FBA92-3975-4758-9178-8980A272A802}.Debug|x86.Build.0 = Debug|Win32
		{7E2FBA92-3975-4758-9178-8980A272A802}.Release|x64.ActiveCfg = Release|x64
		{7E2FBA92-3975-4758-9178-8980A272A802}.Release|x64.Build.0 = Release|x64
		{7E2FBA92-3975-4758-9178-8980A272A802}.Release|x86.ActiveCfg = Release|Win32
		{7E2FBA92-3975-4758-9178-8980A272A802}.Release|x86.Build.0 = Release|Win32
		{5F1750BD-C570-4504-803B-8B5157F457A7}.Debug|x64.ActiveCfg = Debug|x64
		{5F1750BD-C570-4504-803B-8B5157F457A7}.Debug|x64.Build.0 = Debug|x64
		{5F1750BD-C570-4504-803B-8B5157F457A7}.Debug|x86.ActiveCfg = Debug|Win32
		{5F1750BD-C570-4504-803B-8B5157F457A7}.Debug|x86.Build.0 = Debug|Win32
		{5F1750BD-C570-4504-803B-8B5157F457A7}.Release|x64.ActiveCfg = Release|x64
		{5F1750BD-C570-4504-803B-8B5157F457A7}.Release|x64.Build.0 = Release|x64
		{5F1750BD-C570-4504-803B-8B5157F457A7}.Release|x86.ActiveCfg = Release|Win32
		{5F1750BD-C570-4504-803B-8B5157F457A7}.Release|x86.Build.0 = Release|Win32
		{93D8FC62-CDCA-497D-BB82-14801B8230BB}.Debug|x64.ActiveCfg = Debug|x64
		{93D8FC62-CDCA-497D-BB82-14801B8230BB}.Debug|x64.Build.0 = Debug|x64
		{93D8FC62-CDCA-497D-BB82-14801B8230BB}.Debug|x86.ActiveCfg = Debug|Win32
		{93D8FC62-CDCA-497D-BB82-14801B8230BB}.Debug|x86.Build.0 = Debug|Win32
		{93D8FC62-CDCA-497D-BB82-14801B8230BB}.Release|x64.ActiveCfg = Release|x64
		{93D8FC62-CDCA-497D-BB82-14801B8230BB}.Release|x64.Build.0 = Release|x64
		{93D8FC62-CDCA-497D-BB82-14801B8230BB}.Release|x86.ActiveCfg = Release|Win32
		{93D8FC62-CDCA-497D-BB82-14801B8230BB}.Release|x86.Build.0 = Release|Win32
		{87C72554-F47A-4FCA-B113-3DF9C04F6C29}.Debug|x64.ActiveCfg = Debug|x64
		{87C72554-F47A-4FCA-B113-3DF9C04F6C29}.Debug|x64.Build.0 = Debug|x64
		{87C72554-F47A-4FCA-B113-3DF9C04F6C29}.Debug|x86.ActiveCfg = Debug|Win32
		{87C72554-F47A-4FCA-B113-3DF9C04F6C29}.Debug|x86.Build.0 = Debug|Win32
		{87C72554-F47A-4FCA-B113-3DF9C04F6C29}.Release|x64.ActiveCfg = Release|x64
		{87C72554-F47A-4FCA-B113-3DF9C04F6C29}.Release|x64.Build.0 = Release|x64
		{87C72554-F47A-4FCA-B113-3DF9C04F6C29}.Release|x86.ActiveCfg = Release|Win32
		{87C72554-F47A-4FCA-B113-3DF9C04F6C29}.Release|x86.Build.0 = Release|Win32
		{07732C0E-C2F4-4EBB-B0B8-AB76A75D0ACA}.Debug|x64.ActiveCfg = Debug|x64
		{07732C0E-C2F4-4EBB-B0B8-AB76A75D0ACA}.Debug|x64.Build.0 = Debug|x64
		{07732C0E-C2F4-4EBB-B0B8-AB76A75D0ACA}.Debug|x86.ActiveCfg = Debug|Win32
		{07732C0E-C2F4-4EBB-B0B8-AB76A75D0ACA}.Debug|x86.Build.0 = Debug|Win32
		{07732C0E-C2F4-4EBB-B0B8-AB76A75D0ACA}.Release|x64.ActiveCfg = Release|x64
		{07732C0E-C2F4-4EBB-B0B8-AB76A75D0ACA}.Release|x64.Build.0 = Release|x64
		{07732C0E-C2F4-4EBB-B0B8-AB76A75D0ACA}.Release|x86.ActiveCfg = Release|Win32
		{07732C0E-C2F4-4EBB-B0B8-AB76A75D0ACA}.Release|x86.Build.0 = Release|Win32
		{451708AB-5014-4DE7-A5FC-FD143498C31E}.Debug|x64.ActiveCfg = Debug|x64
		{451708AB-5014-4DE7-A5FC-FD143498C31E}.Debug|x64.Build.0 = Debug|x64
		{451708AB-5014-4DE7-A5FC-FD143498C31E}.Debug|x86.ActiveCfg = Debug|Win32
		{451708AB-5014-4DE7-A5FC-FD143498C31E}.Debug|x86.Build.0 = Debug|Win32
		{451708AB-5014-4DE7-A5FC-FD143498C31E}.Release|x64.ActiveCfg = Release|x64
		{451708AB-5014-4DE7-A5FC-FD143498C31E}.Release|x64.Build.0 = Release|x64
		{451708AB-5014-4DE7-A5FC-FD143498C31E}.Release|x86.ActiveCfg = Release|Win32
		{451708AB-5014-4DE7-A5FC-FD143498C31E}.Release|x86.Build.0 = Release|Win32
		{4DDA0216-0A8D-41F6-8195-BC5C51292BB4}.Debug|x64.ActiveCfg = Debug|x64
		{4DDA0216-0A8D-41F6-8195-BC5C51292BB4}.Debug|x64.Build.0 = Debug|x64
		{4DDA0216-0A8D-41F6-8195-BC5C51292BB4}.Debug|x86.ActiveCfg = Debug|Win32
		{4DDA0216-0A8D-41F6-8195-BC5C51292BB4}.Debug|x86.Build.0 = Debug|Win32
		{4DDA0216-0A8D-41F6-8195-BC5C51292BB4}.Release|x64.ActiveCfg = Release|x64
		{4DDA0216-0A8D-41F6-8195-BC5C51292BB4}.Release|x64.Build.0 = Release|x64
		{4DDA0216-0A8D-41F6-8195-BC5C51292BB4}.Release|x86.ActiveCfg = Release|Win32
		{4DDA0216-0A8D-41F6-8195-BC5C51292BB4}.Release|x86.Build.0 = Release|Win32
		{9AC18F6D-4B67-410B-911D-B4D912CA8A04}.Debug|x64.ActiveCfg = Debug|x64
		{9AC18F6D-4B67-410B-911D-B4D912CA8A04}.Debug|x64.Build.0 = Debug|x64
		{9AC18F6D-4B67-410B-911D-B4D912CA8A04}.Debug|x86.ActiveCfg = Debug|Win32
		{9AC18F6D-4B67-410B-911D-B4D912CA8A04}.Debug|x86.Build.0 = Debug|Win32
		{9AC18F6D-4B67-410B-911D-B4D912CA8A04}.Release|x64.ActiveCfg = Release|x64
		{9AC18F6D-4B67-410B-911D-B4D912CA8A04}.Release|x64.Build.0 = Release|x64
		{9AC18F6D-4B67-410B-911D-B4D912CA8A04}.Release|x86.ActiveCfg = Release|Win32
		{9AC18F6D-4B67-410B-911D-B4D912CA8A04}.Release|x86.Build.0 = Release|Win32
		{800F8EA1-F06A-4BC7-9BF8-811F3B31E1FF}.Debug|x64.ActiveCfg = Debug|x64
		{800F8EA1-F06A-4BC7-9BF8-811F3B31E1FF}.Debug|x64.Build.0 = Debug|x64
		{800F8EA1-F06A-4BC7-9BF8-811F3B31E1FF}.Debug|x86.ActiveCfg = Debug|Win32
		{800F8EA1-F06A-4BC7-9BF8-811F3B31E1FF}.Debug|x86.Build.0 = Debug|Win32
		{800F8EA1-F06A-4BC7-9BF8-811F3B31E1FF}.Release|x64.ActiveCfg = Release|x64
		{800F8EA1-F06A-4BC7-9BF8-811F3B31E1FF}.Release|x64.Build.0 = Release|x64
		{800F8EA1-F06A-4BC7-9BF8-811F3B31E1FF}.Release|x86.ActiveCfg = Release|Win32
		{800F8EA1-F06A-4BC7-9BF8-811F3B31E1FF}.Release|x86.Build.0 = Release|Win32
		{7865DF4B-74F0-4050-99A4-6C476D7DE88A}.Debug|x64.ActiveCfg = Debug|x64
		{7865DF4B-74F0-4050-99A4-6C476D7DE88A}.Debug|x64.Build.0 = Debug|x64
		{7865DF4B-74F0-4050-99A4-6C476D7DE88A}.Debug|x86.ActiveCfg = Debug|Win32
		{7865DF4B-74F0-4050-99A4-6C476D7DE88A}.Debug|x86.Build.0 = Debug|Win32
		{7865DF4B-74F0-4050-99A4-6C476D7DE88A}.Release|x64.ActiveCfg = Release|x64
		{7865DF4B-74F0-4050-99A4-6C476D7DE88A}.Release|x64.Build.0 = Release|x64
		{7865DF4B-74F0-4050-99A4-6C476D7DE88A}.Release|x86.ActiveCfg = Release|Win32
		{7865DF4B-74F0-4050-99A4-6C476D7DE88A}.Release|x86.Build.0 = Release|Win32
		{4B906209-4E72-497B-B520-36777FA06E79}.Debug|x64.ActiveCfg = Debug|x64
		{4B906209-4E72-497B-B520-36777FA06E79}.Debug|x64.Build.0 = Debug|x64
		{4B906209-4E72-497B-B520-36777FA06E79}.Debug|x86.ActiveCfg = Debug|Win32
		{4B906209-4E72-497B-B520-36777FA06E79}.Debug|x86.Build.0 = Debug|Win32
		{4B906209-4E72-497B-B520-36777FA06E79}.Release|x64.ActiveCfg = Release|x64
		{4B906209-4E72-497B-B520-36777FA06E79}.Release|x64.Build.0 = Release|x64
		{4B906209-4E72-497B-B520-36777FA06E79}.Release|x86.ActiveCfg = Release|Win32
		{4B906209-4E72-497B-B520-36777FA06E79}.Release|x86.Build.0 = Release|Win32
		{2A3ACF58-7F25-4813-85FC-E0D0B012717F}.Debug|x64.ActiveCfg = Debug|x64
		{2A3ACF58-7F25-4813-85FC-E0D0B012717F}.Debug|x64.Build.0 = Debug|x64
		{2A3ACF58-7F25-4813-85FC-E0D0B012717F}.Debug|x86.ActiveCfg = Debug|Win32
		{2A3ACF58-7F25-4813-85FC-E0D0B012717F}.Debug|x86.Build.0 = Debug|Win32
		{2A3ACF58-7F25-4813-85FC-E0D0B012717F}.Release|x64.ActiveCfg = Release|x64
		{2A3ACF58-7F25-4813-85FC-E0D0B012717F}.Release|x64.Build.0 = Release|x64
		{2A3ACF58-7F25-4813-85FC-E0D0B012717F}.Release|x86.ActiveCfg = Release|Win32
		{2A3ACF58-7F25-4813-85FC-E0D0B012717F}.Release|x86.Build.0 = Release|Win32
		{6FA55602-5671-4406-997A-A0102654735C}.Debug|x64.ActiveCfg = Debug|x64
		{6FA55602-5671-4406-997A-A0102654735C}.Debug|x64.Build.0 = Debug|x64
		{6FA55602-5671-4406-997A-A0102654735C}.Debug|x86.ActiveCfg = Debug|Win32
		{6FA55602-5671-4406-997A-A0102654735C}.Debug|x86.Build.0 = Debug|Win32
		{6FA55602-5671-4406-997A-A0102654735C}.Release|x64.ActiveCfg = Release|x64
		{6FA55602-5671-4406-997A-A0102654735C}.Release|x64.Build.0 = Release|x64
		{6FA55602-5671-4406-997A-A0102654735C}.Release|x86.ActiveCfg = Release|Win32
		{6FA55602-5671-4406-997A-A0102654735C}.Release|x86.Build.0 = Release|Win32
		{989F1066-2B23-444D-9446-DE2EAED56AE6}.Debug|x64.ActiveCfg = Debug|x64
		{989F1066-2B23-444D-9446-DE2EAED56AE6}.Debug|x64.Build.0 = Debug|x64
		{989F1066-2B23-444D-9446-DE2EAED56AE6}.Debug|x86.ActiveCfg = Debug|Win32
		{989F1066-2B23-444D-9446-DE2EAED56AE6}.Debug|x86.Build.0 = Debug|Win32
		{989F1066-2B23-444D-9446-DE2EAED56AE6}.Release|x64.ActiveCfg = Release|x64
		{989F1066-2B23-444D-9446-DE2EAED56AE6}.Release|x64.Build.0 = Release|x64
		{989F1066-2B23-444D-9446-DE2EAED56AE6}.Release|x86.ActiveCfg = Release|Win32
		{989F1066-2B23-444D-9446-DE2EAED56AE6}.Release|x86.Build.0 = Release|Win32
		{B8995F40-FB85-4C42-8266-91B36DA8ED3D}.Debug|x64.ActiveCfg = Debug|x64
		{B8995F40-FB85-4C42-8266-91B36DA8ED3D}.Debug|x64.Build.0 = Debug|x64
		{B8995F40-FB85-4C42-8266-91B36DA8ED3D}.Debug|x86.ActiveCfg = Debug|Win32
		{B8995F40-FB85-4C42-8266-91B36DA8ED3D}.Debug|x86.Build.0 = Debug|Win32
		{B8995F40-FB85-4C42-8266-91B36DA8ED3D}.Release|x64.ActiveCfg = Release|x64
		{B8995F40-FB85-4C42-8266-91B36DA8ED3D}.Release|x64.Build.0 = Release|x64
		{B8995F40-FB85-4C42-8266-91B36DA8ED3D}.Release|x86.ActiveCfg = Release|Win32
		{B8995F40-FB85-4C42-8266-91B36DA8ED3D}.Release|x86.Build.0 = Release|Win32
		{E317C241-7BD3-4D88-A281-0D0F9BD368DC}.Debug|x64.ActiveCfg = Debug|x64
		{E317C241-7BD3-4D88-A281-0D0F9BD368DC}.Debug|x64.Build.0 = Debug|x64
		{E317C241-7BD3-4D88-A281-0D0F9BD368DC}.Debug|x86.ActiveCfg = Debug|Win32
		{E317C241-7BD3-4D88-A281-0D0F9BD368DC}.Debug|x86.Build.0 = Debug|Win32
		{E317C241-7BD3-4D88-A281-0D0F9BD368DC}.Release|x64.ActiveCfg = Release|x64
		{E317C241-7BD3-4D88-A281-0D0F9BD368DC}.Release|x64.Build.0 = Release|x64
		{E317C241-7BD3-4D88-A281-0D0F9BD368DC}.Release|x86.ActiveCfg = Release|Win32
		{E317C241-7BD3-4D88-A281-0D0F9BD368DC}.Release|x86.Build.0 = Release|Win32
	EndGlobalSection
	GlobalSection(SolutionProperties) = preSolution
		HideSolutionNode = FALSE
	EndGlobalSection
	GlobalSection(ExtensibilityGlobals) = postSolution
		SolutionGuid = {EF32DBF7-A493-4AA1-AEDD-1C5C02EC52B7}
	EndGlobalSection
EndGlobal
